
Microsoft Visual Studio Solution File, Format Version 12.00
# Visual Studio Version 17
VisualStudioVersion = 17.0.31903.59
MinimumVisualStudioVersion = 10.0.40219.1
Project("{9A19103F-16F7-4668-BE54-9A1E7A4F7556}") = "Substrate.Xode.RestService", "Substrate.Xode.RestService\Substrate.Xode.RestService.csproj", "{25A804CD-D472-40CB-8A45-45838601CF1C}"
EndProject
Project("{9A19103F-16F7-4668-BE54-9A1E7A4F7556}") = "Substrate.Xode.NetApiExt", "Substrate.Xode.NetApiExt\Substrate.Xode.NetApiExt.csproj", "{FC81B256-A1BC-47B4-AA01-003B17E63C76}"
EndProject
Project("{9A19103F-16F7-4668-BE54-9A1E7A4F7556}") = "Substrate.Xode.Integration", "Substrate.Xode.Integration\Substrate.Xode.Integration.csproj", "{4EDB087E-5A20-4EE9-B666-38247E69BE8A}"
EndProject
Project("{9A19103F-16F7-4668-BE54-9A1E7A4F7556}") = "Substrate.Xode.RestClient", "Substrate.Xode.RestClient\Substrate.Xode.RestClient.csproj", "{CD41F43A-9AC6-453C-BA70-5EE3DD7858FE}"
EndProject
Project("{9A19103F-16F7-4668-BE54-9A1E7A4F7556}") = "Substrate.Xode.RestClient.Mockup", "Substrate.Xode.RestClient.Mockup\Substrate.Xode.RestClient.Mockup.csproj", "{68936830-991F-4E56-8EDF-D3C96E0D10B4}"
EndProject
Project("{9A19103F-16F7-4668-BE54-9A1E7A4F7556}") = "Substrate.Xode.RestClient.Test", "Substrate.Xode.RestClient.Test\Substrate.Xode.RestClient.Test.csproj", "{21C113C5-1886-4D04-B099-C7633C8C1827}"
EndProject
Project("{FAE04EC0-301F-11D3-BF4B-00C04F79EFBC}") = "ConsoleApp1", "ConsoleApp1\ConsoleApp1.csproj", "{524E97F0-6F31-4B80-A381-AEC8AAA000D1}"
EndProject
Global
	GlobalSection(SolutionConfigurationPlatforms) = preSolution
		Debug|Any CPU = Debug|Any CPU
		Release|Any CPU = Release|Any CPU
	EndGlobalSection
	GlobalSection(ProjectConfigurationPlatforms) = postSolution
		{25A804CD-D472-40CB-8A45-45838601CF1C}.Debug|Any CPU.ActiveCfg = Debug|Any CPU
		{25A804CD-D472-40CB-8A45-45838601CF1C}.Debug|Any CPU.Build.0 = Debug|Any CPU
		{25A804CD-D472-40CB-8A45-45838601CF1C}.Release|Any CPU.ActiveCfg = Release|Any CPU
		{25A804CD-D472-40CB-8A45-45838601CF1C}.Release|Any CPU.Build.0 = Release|Any CPU
		{FC81B256-A1BC-47B4-AA01-003B17E63C76}.Debug|Any CPU.ActiveCfg = Debug|Any CPU
		{FC81B256-A1BC-47B4-AA01-003B17E63C76}.Debug|Any CPU.Build.0 = Debug|Any CPU
		{FC81B256-A1BC-47B4-AA01-003B17E63C76}.Release|Any CPU.ActiveCfg = Release|Any CPU
		{FC81B256-A1BC-47B4-AA01-003B17E63C76}.Release|Any CPU.Build.0 = Release|Any CPU
		{4EDB087E-5A20-4EE9-B666-38247E69BE8A}.Debug|Any CPU.ActiveCfg = Debug|Any CPU
		{4EDB087E-5A20-4EE9-B666-38247E69BE8A}.Debug|Any CPU.Build.0 = Debug|Any CPU
		{4EDB087E-5A20-4EE9-B666-38247E69BE8A}.Release|Any CPU.ActiveCfg = Release|Any CPU
		{4EDB087E-5A20-4EE9-B666-38247E69BE8A}.Release|Any CPU.Build.0 = Release|Any CPU
		{CD41F43A-9AC6-453C-BA70-5EE3DD7858FE}.Debug|Any CPU.ActiveCfg = Debug|Any CPU
		{CD41F43A-9AC6-453C-BA70-5EE3DD7858FE}.Debug|Any CPU.Build.0 = Debug|Any CPU
		{CD41F43A-9AC6-453C-BA70-5EE3DD7858FE}.Release|Any CPU.ActiveCfg = Release|Any CPU
		{CD41F43A-9AC6-453C-BA70-5EE3DD7858FE}.Release|Any CPU.Build.0 = Release|Any CPU
		{68936830-991F-4E56-8EDF-D3C96E0D10B4}.Debug|Any CPU.ActiveCfg = Debug|Any CPU
		{68936830-991F-4E56-8EDF-D3C96E0D10B4}.Debug|Any CPU.Build.0 = Debug|Any CPU
		{68936830-991F-4E56-8EDF-D3C96E0D10B4}.Release|Any CPU.ActiveCfg = Release|Any CPU
		{68936830-991F-4E56-8EDF-D3C96E0D10B4}.Release|Any CPU.Build.0 = Release|Any CPU
		{21C113C5-1886-4D04-B099-C7633C8C1827}.Debug|Any CPU.ActiveCfg = Debug|Any CPU
		{21C113C5-1886-4D04-B099-C7633C8C1827}.Debug|Any CPU.Build.0 = Debug|Any CPU
		{21C113C5-1886-4D04-B099-C7633C8C1827}.Release|Any CPU.ActiveCfg = Release|Any CPU
		{21C113C5-1886-4D04-B099-C7633C8C1827}.Release|Any CPU.Build.0 = Release|Any CPU
		{524E97F0-6F31-4B80-A381-AEC8AAA000D1}.Debug|Any CPU.ActiveCfg = Debug|Any CPU
		{524E97F0-6F31-4B80-A381-AEC8AAA000D1}.Debug|Any CPU.Build.0 = Debug|Any CPU
		{524E97F0-6F31-4B80-A381-AEC8AAA000D1}.Release|Any CPU.ActiveCfg = Release|Any CPU
		{524E97F0-6F31-4B80-A381-AEC8AAA000D1}.Release|Any CPU.Build.0 = Release|Any CPU
	EndGlobalSection
	GlobalSection(SolutionProperties) = preSolution
		HideSolutionNode = FALSE
	EndGlobalSection
EndGlobal
